
Microsoft Visual Studio Solution File, Format Version 12.00
# Visual Studio 15
Project("{FAE04EC0-301F-11D3-BF4B-00C04F79EFBC}") = "Assembly_Scripts", "Assembly_Scripts.csproj", "{4757A2C4-3C33-6C49-E71B-72907DA16B3E}"
EndProject
Project("{FAE04EC0-301F-11D3-BF4B-00C04F79EFBC}") = "Assembly-CSharp", "Assembly-CSharp.csproj", "{160C8191-274A-1775-57E6-9FB34DCBA34F}"
EndProject
Project("{FAE04EC0-301F-11D3-BF4B-00C04F79EFBC}") = "EditMode", "EditMode.csproj", "{61AC6781-C814-6B64-BC27-9C497862C79D}"
EndProject
Global
	GlobalSection(SolutionConfigurationPlatforms) = preSolution
		Debug|Any CPU = Debug|Any CPU
		Release|Any CPU = Release|Any CPU
	EndGlobalSection
	GlobalSection(ProjectConfigurationPlatforms) = postSolution
		{4757A2C4-3C33-6C49-E71B-72907DA16B3E}.Debug|Any CPU.ActiveCfg = Debug|Any CPU
		{4757A2C4-3C33-6C49-E71B-72907DA16B3E}.Debug|Any CPU.Build.0 = Debug|Any CPU
		{4757A2C4-3C33-6C49-E71B-72907DA16B3E}.Release|Any CPU.ActiveCfg = Release|Any CPU
		{4757A2C4-3C33-6C49-E71B-72907DA16B3E}.Release|Any CPU.Build.0 = Release|Any CPU
		{160C8191-274A-1775-57E6-9FB34DCBA34F}.Debug|Any CPU.ActiveCfg = Debug|Any CPU
		{160C8191-274A-1775-57E6-9FB34DCBA34F}.Debug|Any CPU.Build.0 = Debug|Any CPU
		{160C8191-274A-1775-57E6-9FB34DCBA34F}.Release|Any CPU.ActiveCfg = Release|Any CPU
		{160C8191-274A-1775-57E6-9FB34DCBA34F}.Release|Any CPU.Build.0 = Release|Any CPU
		{61AC6781-C814-6B64-BC27-9C497862C79D}.Debug|Any CPU.ActiveCfg = Debug|Any CPU
		{61AC6781-C814-6B64-BC27-9C497862C79D}.Debug|Any CPU.Build.0 = Debug|Any CPU
		{61AC6781-C814-6B64-BC27-9C497862C79D}.Release|Any CPU.ActiveCfg = Release|Any CPU
		{61AC6781-C814-6B64-BC27-9C497862C79D}.Release|Any CPU.Build.0 = Release|Any CPU
	EndGlobalSection
	GlobalSection(SolutionProperties) = preSolution
		HideSolutionNode = FALSE
	EndGlobalSection
EndGlobal
